// !$*UTF8*$!
{
	archiveVersion = 1;
	classes = {
	};
	objectVersion = 56;
	objects = {

/* Begin PBXBuildFile section */
		591680A12EC58DB600078791 /* Ethnocentric-Regular.otf in Resources */ = {isa = PBXBuildFile; fileRef = 591680A02EC58DB600078791 /* Ethnocentric-Regular.otf */; };
		A1000001 /* HyprGlideApp.swift in Sources */ = {isa = PBXBuildFile; fileRef = A2000001 /* HyprGlideApp.swift */; };
		A1000002 /* ContentView.swift in Sources */ = {isa = PBXBuildFile; fileRef = A2000002 /* ContentView.swift */; };
		A1000003 /* GameScene.swift in Sources */ = {isa = PBXBuildFile; fileRef = A2000003 /* GameScene.swift */; };
		A1000004 /* GameState.swift in Sources */ = {isa = PBXBuildFile; fileRef = A2000004 /* GameState.swift */; };
		A1000005 /* HUDView.swift in Sources */ = {isa = PBXBuildFile; fileRef = A2000005 /* HUDView.swift */; };
		A1000006 /* Assets.xcassets in Resources */ = {isa = PBXBuildFile; fileRef = A2000006 /* Assets.xcassets */; };
		A1000007 /* Obstacle.swift in Sources */ = {isa = PBXBuildFile; fileRef = A2000007 /* Obstacle.swift */; };
		A1000008 /* GlowEffectFactory.swift in Sources */ = {isa = PBXBuildFile; fileRef = A2000008 /* GlowEffectFactory.swift */; };
		B1000001 /* Haptics.swift in Sources */ = {isa = PBXBuildFile; fileRef = B2000001 /* Haptics.swift */; };
		C1000001 /* SoundManager.swift in Sources */ = {isa = PBXBuildFile; fileRef = C2000001 /* SoundManager.swift */; };
		C1000003 /* whoosh.wav in Resources */ = {isa = PBXBuildFile; fileRef = C2000003 /* whoosh.wav */; };
		C1000004 /* thud.wav in Resources */ = {isa = PBXBuildFile; fileRef = C2000004 /* thud.wav */; };
		D1000001 /* NearMissEmitterFactory.swift in Sources */ = {isa = PBXBuildFile; fileRef = D2000001 /* NearMissEmitterFactory.swift */; };
		E1000001 /* Settings.swift in Sources */ = {isa = PBXBuildFile; fileRef = E2000001 /* Settings.swift */; };
		E1000002 /* SettingsView.swift in Sources */ = {isa = PBXBuildFile; fileRef = E2000002 /* SettingsView.swift */; };
		F1000001 /* PowerUpNode.swift in Sources */ = {isa = PBXBuildFile; fileRef = F2000001 /* PowerUpNode.swift */; };
		F1000002 /* SlowMotionEffect.swift in Sources */ = {isa = PBXBuildFile; fileRef = F2000002 /* SlowMotionEffect.swift */; };
		F1000003 /* InvincibilityEffect.swift in Sources */ = {isa = PBXBuildFile; fileRef = F2000003 /* InvincibilityEffect.swift */; };
		F1000004 /* AttackModeEffect.swift in Sources */ = {isa = PBXBuildFile; fileRef = F2000004 /* AttackModeEffect.swift */; };
		G1000001 /* DefaultsGuard.swift in Sources */ = {isa = PBXBuildFile; fileRef = G2000001 /* DefaultsGuard.swift */; };
		G1000002 /* PerformanceGovernor.swift in Sources */ = {isa = PBXBuildFile; fileRef = G2000002 /* PerformanceGovernor.swift */; };
		H1000001 /* BackgroundMusicAssetEngine.swift in Sources */ = {isa = PBXBuildFile; fileRef = H2000001 /* BackgroundMusicAssetEngine.swift */; };
		H1000003 /* HyprGlide Music.mp3 in Resources */ = {isa = PBXBuildFile; fileRef = H2000003 /* HyprGlide Music.mp3 */; };
		J1000001 /* GameCenterManager.swift in Sources */ = {isa = PBXBuildFile; fileRef = J2000001 /* GameCenterManager.swift */; };
		K1000001 /* MultiplayerModels.swift in Sources */ = {isa = PBXBuildFile; fileRef = K2000001 /* MultiplayerModels.swift */; };
		L1000001 /* ArenaRandomizer.swift in Sources */ = {isa = PBXBuildFile; fileRef = L2000001 /* ArenaRandomizer.swift */; };
		L1000002 /* SpawnEventHelpers.swift in Sources */ = {isa = PBXBuildFile; fileRef = L2000002 /* SpawnEventHelpers.swift */; };
		M1000001 /* MultiplayerManager.swift in Sources */ = {isa = PBXBuildFile; fileRef = M2000001 /* MultiplayerManager.swift */; };
		N1000001 /* GameSceneMultiplayer.swift in Sources */ = {isa = PBXBuildFile; fileRef = N2000001 /* GameSceneMultiplayer.swift */; };
		O1000001 /* MultiplayerStatusView.swift in Sources */ = {isa = PBXBuildFile; fileRef = O2000001 /* MultiplayerStatusView.swift */; };
		O1000002 /* MultiplayerGameOverView.swift in Sources */ = {isa = PBXBuildFile; fileRef = O2000002 /* MultiplayerGameOverView.swift */; };
		O1000003 /* FriendsLeaderboardView.swift in Sources */ = {isa = PBXBuildFile; fileRef = O2000003 /* FriendsLeaderboardView.swift */; };
		T1000001 /* ArenaRandomizerTests.swift in Sources */ = {isa = PBXBuildFile; fileRef = T2000001 /* ArenaRandomizerTests.swift */; };
		T1000002 /* MultiplayerMessageTests.swift in Sources */ = {isa = PBXBuildFile; fileRef = T2000002 /* MultiplayerMessageTests.swift */; };
		T1000003 /* GameFeelTests.swift in Sources */ = {isa = PBXBuildFile; fileRef = T2000003 /* GameFeelTests.swift */; };
		T1000004 /* LifecyclePersistenceTests.swift in Sources */ = {isa = PBXBuildFile; fileRef = T2000004 /* LifecyclePersistenceTests.swift */; };
		T1000005 /* PerformanceGovernorTests.swift in Sources */ = {isa = PBXBuildFile; fileRef = T2000005 /* PerformanceGovernorTests.swift */; };
		T1000006 /* SlowMotionEffectTests.swift in Sources */ = {isa = PBXBuildFile; fileRef = T2000006 /* SlowMotionEffectTests.swift */; };
		T1000007 /* SoundManagerTests.swift in Sources */ = {isa = PBXBuildFile; fileRef = T2000007 /* SoundManagerTests.swift */; };
/* End PBXBuildFile section */

/* Begin PBXContainerItemProxy section */
		T9000001 /* PBXContainerItemProxy */ = {
			isa = PBXContainerItemProxy;
			containerPortal = A9000001 /* Project object */;
			proxyType = 1;
			remoteGlobalIDString = A5000001;
			remoteInfo = HyprGlide;
		};
/* End PBXContainerItemProxy section */

/* Begin PBXFileReference section */
		590B62C62ED814780004DDF2 /* HyprGlide.entitlements */ = {isa = PBXFileReference; lastKnownFileType = text.plist.entitlements; path = HyprGlide.entitlements; sourceTree = "<group>"; };
		591680A02EC58DB600078791 /* Ethnocentric-Regular.otf */ = {isa = PBXFileReference; lastKnownFileType = file; path = "Ethnocentric-Regular.otf"; sourceTree = "<group>"; };
		59BFBE242EC587A800EA9135 /* Info.plist */ = {isa = PBXFileReference; lastKnownFileType = text.plist; path = Info.plist; sourceTree = "<group>"; };
		A0000001 /* HyprGlide.app */ = {isa = PBXFileReference; explicitFileType = wrapper.application; includeInIndex = 0; path = HyprGlide.app; sourceTree = BUILT_PRODUCTS_DIR; };
		A2000001 /* HyprGlideApp.swift */ = {isa = PBXFileReference; lastKnownFileType = sourcecode.swift; path = HyprGlideApp.swift; sourceTree = "<group>"; };
		A2000002 /* ContentView.swift */ = {isa = PBXFileReference; lastKnownFileType = sourcecode.swift; path = ContentView.swift; sourceTree = "<group>"; };
		A2000003 /* GameScene.swift */ = {isa = PBXFileReference; lastKnownFileType = sourcecode.swift; path = GameScene.swift; sourceTree = "<group>"; };
		A2000004 /* GameState.swift */ = {isa = PBXFileReference; lastKnownFileType = sourcecode.swift; path = GameState.swift; sourceTree = "<group>"; };
		A2000005 /* HUDView.swift */ = {isa = PBXFileReference; lastKnownFileType = sourcecode.swift; path = HUDView.swift; sourceTree = "<group>"; };
		A2000006 /* Assets.xcassets */ = {isa = PBXFileReference; lastKnownFileType = folder.assetcatalog; path = Assets.xcassets; sourceTree = "<group>"; };
		A2000007 /* Obstacle.swift */ = {isa = PBXFileReference; lastKnownFileType = sourcecode.swift; path = Obstacle.swift; sourceTree = "<group>"; };
		A2000008 /* GlowEffectFactory.swift */ = {isa = PBXFileReference; lastKnownFileType = sourcecode.swift; path = GlowEffectFactory.swift; sourceTree = "<group>"; };
		B2000001 /* Haptics.swift */ = {isa = PBXFileReference; lastKnownFileType = sourcecode.swift; path = Haptics.swift; sourceTree = "<group>"; };
		C2000001 /* SoundManager.swift */ = {isa = PBXFileReference; lastKnownFileType = sourcecode.swift; path = SoundManager.swift; sourceTree = "<group>"; };
		C2000003 /* whoosh.wav */ = {isa = PBXFileReference; lastKnownFileType = audio.wav; path = whoosh.wav; sourceTree = "<group>"; };
		C2000004 /* thud.wav */ = {isa = PBXFileReference; lastKnownFileType = audio.wav; path = thud.wav; sourceTree = "<group>"; };
		D2000001 /* NearMissEmitterFactory.swift */ = {isa = PBXFileReference; lastKnownFileType = sourcecode.swift; path = NearMissEmitterFactory.swift; sourceTree = "<group>"; };
		E2000001 /* Settings.swift */ = {isa = PBXFileReference; lastKnownFileType = sourcecode.swift; path = Settings.swift; sourceTree = "<group>"; };
		E2000002 /* SettingsView.swift */ = {isa = PBXFileReference; lastKnownFileType = sourcecode.swift; path = SettingsView.swift; sourceTree = "<group>"; };
		F2000001 /* PowerUpNode.swift */ = {isa = PBXFileReference; lastKnownFileType = sourcecode.swift; path = PowerUpNode.swift; sourceTree = "<group>"; };
		F2000002 /* SlowMotionEffect.swift */ = {isa = PBXFileReference; lastKnownFileType = sourcecode.swift; path = SlowMotionEffect.swift; sourceTree = "<group>"; };
		F2000003 /* InvincibilityEffect.swift */ = {isa = PBXFileReference; lastKnownFileType = sourcecode.swift; path = InvincibilityEffect.swift; sourceTree = "<group>"; };
		F2000004 /* AttackModeEffect.swift */ = {isa = PBXFileReference; lastKnownFileType = sourcecode.swift; path = AttackModeEffect.swift; sourceTree = "<group>"; };
		G2000001 /* DefaultsGuard.swift */ = {isa = PBXFileReference; lastKnownFileType = sourcecode.swift; path = DefaultsGuard.swift; sourceTree = "<group>"; };
		G2000002 /* PerformanceGovernor.swift */ = {isa = PBXFileReference; lastKnownFileType = sourcecode.swift; path = PerformanceGovernor.swift; sourceTree = "<group>"; };
		H2000001 /* BackgroundMusicAssetEngine.swift */ = {isa = PBXFileReference; lastKnownFileType = sourcecode.swift; path = BackgroundMusicAssetEngine.swift; sourceTree = "<group>"; };
		H2000003 /* HyprGlide Music.mp3 */ = {isa = PBXFileReference; lastKnownFileType = audio.mp3; path = "HyprGlide Music.mp3"; sourceTree = "<group>"; };
		J2000001 /* GameCenterManager.swift */ = {isa = PBXFileReference; lastKnownFileType = sourcecode.swift; path = GameCenterManager.swift; sourceTree = "<group>"; };
		K2000001 /* MultiplayerModels.swift */ = {isa = PBXFileReference; lastKnownFileType = sourcecode.swift; path = MultiplayerModels.swift; sourceTree = "<group>"; };
		L2000001 /* ArenaRandomizer.swift */ = {isa = PBXFileReference; lastKnownFileType = sourcecode.swift; path = ArenaRandomizer.swift; sourceTree = "<group>"; };
		L2000002 /* SpawnEventHelpers.swift */ = {isa = PBXFileReference; lastKnownFileType = sourcecode.swift; path = SpawnEventHelpers.swift; sourceTree = "<group>"; };
		M2000001 /* MultiplayerManager.swift */ = {isa = PBXFileReference; lastKnownFileType = sourcecode.swift; path = MultiplayerManager.swift; sourceTree = "<group>"; };
		N2000001 /* GameSceneMultiplayer.swift */ = {isa = PBXFileReference; lastKnownFileType = sourcecode.swift; path = GameSceneMultiplayer.swift; sourceTree = "<group>"; };
		O2000001 /* MultiplayerStatusView.swift */ = {isa = PBXFileReference; lastKnownFileType = sourcecode.swift; path = MultiplayerStatusView.swift; sourceTree = "<group>"; };
		O2000002 /* MultiplayerGameOverView.swift */ = {isa = PBXFileReference; lastKnownFileType = sourcecode.swift; path = MultiplayerGameOverView.swift; sourceTree = "<group>"; };
		O2000003 /* FriendsLeaderboardView.swift */ = {isa = PBXFileReference; lastKnownFileType = sourcecode.swift; path = FriendsLeaderboardView.swift; sourceTree = "<group>"; };
		T0000001 /* HyprGlideTests.xctest */ = {isa = PBXFileReference; explicitFileType = wrapper.cfbundle; includeInIndex = 0; path = HyprGlideTests.xctest; sourceTree = BUILT_PRODUCTS_DIR; };
		T2000001 /* ArenaRandomizerTests.swift */ = {isa = PBXFileReference; lastKnownFileType = sourcecode.swift; path = ArenaRandomizerTests.swift; sourceTree = "<group>"; };
		T2000002 /* MultiplayerMessageTests.swift */ = {isa = PBXFileReference; lastKnownFileType = sourcecode.swift; path = MultiplayerMessageTests.swift; sourceTree = "<group>"; };
		T2000003 /* GameFeelTests.swift */ = {isa = PBXFileReference; lastKnownFileType = sourcecode.swift; path = GameFeelTests.swift; sourceTree = "<group>"; };
		T2000004 /* LifecyclePersistenceTests.swift */ = {isa = PBXFileReference; lastKnownFileType = sourcecode.swift; path = LifecyclePersistenceTests.swift; sourceTree = "<group>"; };
		T2000005 /* PerformanceGovernorTests.swift */ = {isa = PBXFileReference; lastKnownFileType = sourcecode.swift; path = PerformanceGovernorTests.swift; sourceTree = "<group>"; };
		T2000006 /* SlowMotionEffectTests.swift */ = {isa = PBXFileReference; lastKnownFileType = sourcecode.swift; path = SlowMotionEffectTests.swift; sourceTree = "<group>"; };
		T2000007 /* SoundManagerTests.swift */ = {isa = PBXFileReference; lastKnownFileType = sourcecode.swift; path = SoundManagerTests.swift; sourceTree = "<group>"; };
/* End PBXFileReference section */

/* Begin PBXFrameworksBuildPhase section */
		A3000001 /* Frameworks */ = {
			isa = PBXFrameworksBuildPhase;
			buildActionMask = 2147483647;
			files = (
			);
			runOnlyForDeploymentPostprocessing = 0;
		};
		T3000001 /* Frameworks */ = {
			isa = PBXFrameworksBuildPhase;
			buildActionMask = 2147483647;
			files = (
			);
			runOnlyForDeploymentPostprocessing = 0;
		};
/* End PBXFrameworksBuildPhase section */

/* Begin PBXGroup section */
		A4000001 = {
			isa = PBXGroup;
			children = (
				A4000002 /* HyprGlide */,
				T4000001 /* HyprSlideTests */,
				A4000003 /* Products */,
			);
			sourceTree = "<group>";
		};
		A4000002 /* HyprGlide */ = {
			isa = PBXGroup;
			children = (
				590B62C62ED814780004DDF2 /* HyprGlide.entitlements */,
				59BFBE242EC587A800EA9135 /* Info.plist */,
				G2000001 /* DefaultsGuard.swift */,
				G2000002 /* PerformanceGovernor.swift */,
				J2000001 /* GameCenterManager.swift */,
				K2000001 /* MultiplayerModels.swift */,
				L2000001 /* ArenaRandomizer.swift */,
				L2000002 /* SpawnEventHelpers.swift */,
				M2000001 /* MultiplayerManager.swift */,
				N2000001 /* GameSceneMultiplayer.swift */,
				O2000001 /* MultiplayerStatusView.swift */,
				O2000002 /* MultiplayerGameOverView.swift */,
				O2000003 /* FriendsLeaderboardView.swift */,
				A2000001 /* HyprGlideApp.swift */,
				A2000002 /* ContentView.swift */,
				A2000003 /* GameScene.swift */,
				A2000004 /* GameState.swift */,
				E2000001 /* Settings.swift */,
				A2000005 /* HUDView.swift */,
				E2000002 /* SettingsView.swift */,
				C2000001 /* SoundManager.swift */,
				H2000001 /* BackgroundMusicAssetEngine.swift */,
				H2000003 /* HyprGlide Music.mp3 */,
				B2000001 /* Haptics.swift */,
				A2000007 /* Obstacle.swift */,
				F2000001 /* PowerUpNode.swift */,
				F2000002 /* SlowMotionEffect.swift */,
				F2000003 /* InvincibilityEffect.swift */,
				F2000004 /* AttackModeEffect.swift */,
				A2000008 /* GlowEffectFactory.swift */,
				D2000001 /* NearMissEmitterFactory.swift */,
				A2000006 /* Assets.xcassets */,
				591680A02EC58DB600078791 /* Ethnocentric-Regular.otf */,
				C2000003 /* whoosh.wav */,
				C2000004 /* thud.wav */,
			);
			path = HyprGlide;
			sourceTree = "<group>";
		};
		A4000003 /* Products */ = {
			isa = PBXGroup;
			children = (
				A0000001 /* HyprGlide.app */,
				T0000001 /* HyprGlideTests.xctest */,
			);
			name = Products;
			sourceTree = "<group>";
		};
		T4000001 /* HyprSlideTests */ = {
			isa = PBXGroup;
			children = (
				T2000001 /* ArenaRandomizerTests.swift */,
				T2000002 /* MultiplayerMessageTests.swift */,
				T2000003 /* GameFeelTests.swift */,
				T2000004 /* LifecyclePersistenceTests.swift */,
				T2000005 /* PerformanceGovernorTests.swift */,
				T2000006 /* SlowMotionEffectTests.swift */,
				T2000007 /* SoundManagerTests.swift */,
			);
			path = HyprSlideTests;
			sourceTree = "<group>";
		};
/* End PBXGroup section */

/* Begin PBXNativeTarget section */
		A5000001 /* HyprGlide */ = {
			isa = PBXNativeTarget;
			buildConfigurationList = A6000001 /* Build configuration list for PBXNativeTarget "HyprGlide" */;
			buildPhases = (
				A7000001 /* Sources */,
				A3000001 /* Frameworks */,
				A8000001 /* Resources */,
			);
			buildRules = (
			);
			dependencies = (
			);
			name = HyprGlide;
			productName = HyprGlide;
			productReference = A0000001 /* HyprGlide.app */;
			productType = "com.apple.product-type.application";
		};
		T5000001 /* HyprGlideTests */ = {
			isa = PBXNativeTarget;
			buildConfigurationList = T6000001 /* Build configuration list for PBXNativeTarget "HyprGlideTests" */;
			buildPhases = (
				T7000001 /* Sources */,
				T3000001 /* Frameworks */,
			);
			buildRules = (
			);
			dependencies = (
				T9000002 /* PBXTargetDependency */,
			);
			name = HyprGlideTests;
			productName = HyprGlideTests;
			productReference = T0000001 /* HyprGlideTests.xctest */;
			productType = "com.apple.product-type.bundle.unit-test";
		};
/* End PBXNativeTarget section */

/* Begin PBXProject section */
		A9000001 /* Project object */ = {
			isa = PBXProject;
			attributes = {
				BuildIndependentTargetsInParallel = 1;
				LastSwiftUpdateCheck = 1500;
				LastUpgradeCheck = 2610;
				TargetAttributes = {
					A5000001 = {
						CreatedOnToolsVersion = 15.0;
					};
				};
			};
			buildConfigurationList = A6000002 /* Build configuration list for PBXProject "HyprGlide" */;
			compatibilityVersion = "Xcode 14.0";
			developmentRegion = en;
			hasScannedForEncodings = 0;
			knownRegions = (
				en,
				Base,
			);
			mainGroup = A4000001;
			productRefGroup = A4000003 /* Products */;
			projectDirPath = "";
			projectRoot = "";
			targets = (
				A5000001 /* HyprGlide */,
				T5000001 /* HyprGlideTests */,
			);
		};
/* End PBXProject section */

/* Begin PBXResourcesBuildPhase section */
		A8000001 /* Resources */ = {
			isa = PBXResourcesBuildPhase;
			buildActionMask = 2147483647;
			files = (
				591680A12EC58DB600078791 /* Ethnocentric-Regular.otf in Resources */,
				A1000006 /* Assets.xcassets in Resources */,
				C1000003 /* whoosh.wav in Resources */,
				C1000004 /* thud.wav in Resources */,
				H1000003 /* HyprGlide Music.mp3 in Resources */,
			);
			runOnlyForDeploymentPostprocessing = 0;
		};
/* End PBXResourcesBuildPhase section */

/* Begin PBXSourcesBuildPhase section */
		A7000001 /* Sources */ = {
			isa = PBXSourcesBuildPhase;
			buildActionMask = 2147483647;
			files = (
				A1000001 /* HyprGlideApp.swift in Sources */,
				A1000002 /* ContentView.swift in Sources */,
				A1000003 /* GameScene.swift in Sources */,
				G1000001 /* DefaultsGuard.swift in Sources */,
				G1000002 /* PerformanceGovernor.swift in Sources */,
				J1000001 /* GameCenterManager.swift in Sources */,
				K1000001 /* MultiplayerModels.swift in Sources */,
				L1000001 /* ArenaRandomizer.swift in Sources */,
				L1000002 /* SpawnEventHelpers.swift in Sources */,
				M1000001 /* MultiplayerManager.swift in Sources */,
				N1000001 /* GameSceneMultiplayer.swift in Sources */,
				O1000001 /* MultiplayerStatusView.swift in Sources */,
				O1000002 /* MultiplayerGameOverView.swift in Sources */,
				O1000003 /* FriendsLeaderboardView.swift in Sources */,
				A1000004 /* GameState.swift in Sources */,
				E1000001 /* Settings.swift in Sources */,
				A1000005 /* HUDView.swift in Sources */,
				E1000002 /* SettingsView.swift in Sources */,
				C1000001 /* SoundManager.swift in Sources */,
				H1000001 /* BackgroundMusicAssetEngine.swift in Sources */,
				A1000007 /* Obstacle.swift in Sources */,
				F1000001 /* PowerUpNode.swift in Sources */,
				F1000002 /* SlowMotionEffect.swift in Sources */,
				F1000003 /* InvincibilityEffect.swift in Sources */,
				F1000004 /* AttackModeEffect.swift in Sources */,
				A1000008 /* GlowEffectFactory.swift in Sources */,
				D1000001 /* NearMissEmitterFactory.swift in Sources */,
				B1000001 /* Haptics.swift in Sources */,
			);
			runOnlyForDeploymentPostprocessing = 0;
		};
		T7000001 /* Sources */ = {
			isa = PBXSourcesBuildPhase;
			buildActionMask = 2147483647;
			files = (
				T1000001 /* ArenaRandomizerTests.swift in Sources */,
				T1000002 /* MultiplayerMessageTests.swift in Sources */,
				T1000003 /* GameFeelTests.swift in Sources */,
				T1000004 /* LifecyclePersistenceTests.swift in Sources */,
				T1000005 /* PerformanceGovernorTests.swift in Sources */,
				T1000006 /* SlowMotionEffectTests.swift in Sources */,
				T1000007 /* SoundManagerTests.swift in Sources */,
			);
			runOnlyForDeploymentPostprocessing = 0;
		};
/* End PBXSourcesBuildPhase section */

/* Begin PBXTargetDependency section */
		T9000002 /* PBXTargetDependency */ = {
			isa = PBXTargetDependency;
			target = A5000001 /* HyprGlide */;
			targetProxy = T9000001 /* PBXContainerItemProxy */;
		};
/* End PBXTargetDependency section */

/* Begin XCBuildConfiguration section */
		A6000003 /* Debug */ = {
			isa = XCBuildConfiguration;
			buildSettings = {
				ALWAYS_SEARCH_USER_PATHS = NO;
				ASSETCATALOG_COMPILER_GENERATE_SWIFT_ASSET_SYMBOL_EXTENSIONS = YES;
				CLANG_ANALYZER_NONNULL = YES;
				CLANG_ANALYZER_NUMBER_OBJECT_CONVERSION = YES_AGGRESSIVE;
				CLANG_CXX_LANGUAGE_STANDARD = "gnu++20";
				CLANG_ENABLE_MODULES = YES;
				CLANG_ENABLE_OBJC_ARC = YES;
				CLANG_ENABLE_OBJC_WEAK = YES;
				CLANG_WARN_BLOCK_CAPTURE_AUTORELEASING = YES;
				CLANG_WARN_BOOL_CONVERSION = YES;
				CLANG_WARN_COMMA = YES;
				CLANG_WARN_CONSTANT_CONVERSION = YES;
				CLANG_WARN_DEPRECATED_OBJC_IMPLEMENTATIONS = YES;
				CLANG_WARN_DIRECT_OBJC_ISA_USAGE = YES_ERROR;
				CLANG_WARN_DOCUMENTATION_COMMENTS = YES;
				CLANG_WARN_EMPTY_BODY = YES;
				CLANG_WARN_ENUM_CONVERSION = YES;
				CLANG_WARN_INFINITE_RECURSION = YES;
				CLANG_WARN_INT_CONVERSION = YES;
				CLANG_WARN_NON_LITERAL_NULL_CONVERSION = YES;
				CLANG_WARN_OBJC_IMPLICIT_RETAIN_SELF = YES;
				CLANG_WARN_OBJC_LITERAL_CONVERSION = YES;
				CLANG_WARN_OBJC_ROOT_CLASS = YES_ERROR;
				CLANG_WARN_QUOTED_INCLUDE_IN_FRAMEWORK_HEADER = YES;
				CLANG_WARN_RANGE_LOOP_ANALYSIS = YES;
				CLANG_WARN_STRICT_PROTOTYPES = YES;
				CLANG_WARN_SUSPICIOUS_MOVE = YES;
				CLANG_WARN_UNGUARDED_AVAILABILITY = YES_AGGRESSIVE;
				CLANG_WARN_UNREACHABLE_CODE = YES;
				CLANG_WARN__DUPLICATE_METHOD_MATCH = YES;
				COPY_PHASE_STRIP = NO;
				DEBUG_INFORMATION_FORMAT = dwarf;
				ENABLE_STRICT_OBJC_MSGSEND = YES;
				ENABLE_TESTABILITY = YES;
				ENABLE_USER_SCRIPT_SANDBOXING = YES;
				GCC_C_LANGUAGE_STANDARD = gnu17;
				GCC_DYNAMIC_NO_PIC = NO;
				GCC_NO_COMMON_BLOCKS = YES;
				GCC_OPTIMIZATION_LEVEL = 0;
				GCC_PREPROCESSOR_DEFINITIONS = (
					"DEBUG=1",
					"$(inherited)",
				);
				GCC_WARN_64_TO_32_BIT_CONVERSION = YES;
				GCC_WARN_ABOUT_RETURN_TYPE = YES_ERROR;
				GCC_WARN_UNDECLARED_SELECTOR = YES;
				GCC_WARN_UNINITIALIZED_AUTOS = YES_AGGRESSIVE;
				GCC_WARN_UNUSED_FUNCTION = YES;
				GCC_WARN_UNUSED_VARIABLE = YES;
				IPHONEOS_DEPLOYMENT_TARGET = 16.0;
				LOCALIZATION_PREFERS_STRING_CATALOGS = YES;
				MTL_ENABLE_DEBUG_INFO = INCLUDE_SOURCE;
				MTL_FAST_MATH = YES;
				ONLY_ACTIVE_ARCH = YES;
				SDKROOT = iphoneos;
				STRING_CATALOG_GENERATE_SYMBOLS = YES;
				SWIFT_ACTIVE_COMPILATION_CONDITIONS = "DEBUG $(inherited)";
				SWIFT_OPTIMIZATION_LEVEL = "-Onone";
			};
			name = Debug;
		};
		A6000004 /* Release */ = {
			isa = XCBuildConfiguration;
			buildSettings = {
				ALWAYS_SEARCH_USER_PATHS = NO;
				ASSETCATALOG_COMPILER_GENERATE_SWIFT_ASSET_SYMBOL_EXTENSIONS = YES;
				CLANG_ANALYZER_NONNULL = YES;
				CLANG_ANALYZER_NUMBER_OBJECT_CONVERSION = YES_AGGRESSIVE;
				CLANG_CXX_LANGUAGE_STANDARD = "gnu++20";
				CLANG_ENABLE_MODULES = YES;
				CLANG_ENABLE_OBJC_ARC = YES;
				CLANG_ENABLE_OBJC_WEAK = YES;
				CLANG_WARN_BLOCK_CAPTURE_AUTORELEASING = YES;
				CLANG_WARN_BOOL_CONVERSION = YES;
				CLANG_WARN_COMMA = YES;
				CLANG_WARN_CONSTANT_CONVERSION = YES;
				CLANG_WARN_DEPRECATED_OBJC_IMPLEMENTATIONS = YES;
				CLANG_WARN_DIRECT_OBJC_ISA_USAGE = YES_ERROR;
				CLANG_WARN_DOCUMENTATION_COMMENTS = YES;
				CLANG_WARN_EMPTY_BODY = YES;
				CLANG_WARN_ENUM_CONVERSION = YES;
				CLANG_WARN_INFINITE_RECURSION = YES;
				CLANG_WARN_INT_CONVERSION = YES;
				CLANG_WARN_NON_LITERAL_NULL_CONVERSION = YES;
				CLANG_WARN_OBJC_IMPLICIT_RETAIN_SELF = YES;
				CLANG_WARN_OBJC_LITERAL_CONVERSION = YES;
				CLANG_WARN_OBJC_ROOT_CLASS = YES_ERROR;
				CLANG_WARN_QUOTED_INCLUDE_IN_FRAMEWORK_HEADER = YES;
				CLANG_WARN_RANGE_LOOP_ANALYSIS = YES;
				CLANG_WARN_STRICT_PROTOTYPES = YES;
				CLANG_WARN_SUSPICIOUS_MOVE = YES;
				CLANG_WARN_UNGUARDED_AVAILABILITY = YES_AGGRESSIVE;
				CLANG_WARN_UNREACHABLE_CODE = YES;
				CLANG_WARN__DUPLICATE_METHOD_MATCH = YES;
				COPY_PHASE_STRIP = NO;
				DEBUG_INFORMATION_FORMAT = "dwarf-with-dsym";
				ENABLE_NS_ASSERTIONS = NO;
				ENABLE_STRICT_OBJC_MSGSEND = YES;
				ENABLE_USER_SCRIPT_SANDBOXING = YES;
				GCC_C_LANGUAGE_STANDARD = gnu17;
				GCC_NO_COMMON_BLOCKS = YES;
				GCC_WARN_64_TO_32_BIT_CONVERSION = YES;
				GCC_WARN_ABOUT_RETURN_TYPE = YES_ERROR;
				GCC_WARN_UNDECLARED_SELECTOR = YES;
				GCC_WARN_UNINITIALIZED_AUTOS = YES_AGGRESSIVE;
				GCC_WARN_UNUSED_FUNCTION = YES;
				GCC_WARN_UNUSED_VARIABLE = YES;
				IPHONEOS_DEPLOYMENT_TARGET = 16.0;
				LOCALIZATION_PREFERS_STRING_CATALOGS = YES;
				MTL_ENABLE_DEBUG_INFO = NO;
				MTL_FAST_MATH = YES;
				SDKROOT = iphoneos;
				STRING_CATALOG_GENERATE_SYMBOLS = YES;
				SWIFT_COMPILATION_MODE = wholemodule;
				VALIDATE_PRODUCT = YES;
			};
			name = Release;
		};
		A6000005 /* Debug */ = {
			isa = XCBuildConfiguration;
			buildSettings = {
				ASSETCATALOG_COMPILER_APPICON_NAME = AppIcon;
				ASSETCATALOG_COMPILER_GLOBAL_ACCENT_COLOR_NAME = "";
				CODE_SIGN_ENTITLEMENTS = HyprGlide/HyprGlide.entitlements;
				CODE_SIGN_STYLE = Automatic;
				CURRENT_PROJECT_VERSION = 1;
				DEVELOPMENT_TEAM = D8KQ63QMS2;
				ENABLE_PREVIEWS = YES;
				GENERATE_INFOPLIST_FILE = YES;
				INFOPLIST_FILE = HyprGlide/Info.plist;
				INFOPLIST_KEY_CFBundleDisplayName = HyprGlide;
				INFOPLIST_KEY_NSMotionUsageDescription = "Tilt control needs motion access to move the player using device orientation.";
				INFOPLIST_KEY_UIApplicationSceneManifest_Generation = YES;
				INFOPLIST_KEY_UIApplicationSupportsIndirectInputEvents = YES;
				INFOPLIST_KEY_UILaunchScreen_Generation = YES;
				INFOPLIST_KEY_UIRequiresFullScreen = YES;
				INFOPLIST_KEY_UISupportedInterfaceOrientations = UIInterfaceOrientationPortrait;
				INFOPLIST_KEY_UISupportedInterfaceOrientations_iPad = "UIInterfaceOrientationPortrait UIInterfaceOrientationPortraitUpsideDown";
				LD_RUNPATH_SEARCH_PATHS = (
					"$(inherited)",
					"@executable_path/Frameworks",
				);
				MARKETING_VERSION = 1.0;
				PRODUCT_BUNDLE_IDENTIFIER = com.hyprglide.app;
				PRODUCT_NAME = "$(TARGET_NAME)";
				SWIFT_EMIT_LOC_STRINGS = YES;
				SWIFT_VERSION = 5.0;
				TARGETED_DEVICE_FAMILY = "1,2";
			};
			name = Debug;
		};
		A6000006 /* Release */ = {
			isa = XCBuildConfiguration;
			buildSettings = {
				ASSETCATALOG_COMPILER_APPICON_NAME = AppIcon;
				ASSETCATALOG_COMPILER_GLOBAL_ACCENT_COLOR_NAME = "";
				CODE_SIGN_ENTITLEMENTS = HyprGlide/HyprGlide.entitlements;
				CODE_SIGN_STYLE = Automatic;
				CURRENT_PROJECT_VERSION = 1;
				DEVELOPMENT_TEAM = D8KQ63QMS2;
				ENABLE_PREVIEWS = YES;
				GENERATE_INFOPLIST_FILE = YES;
				INFOPLIST_FILE = HyprGlide/Info.plist;
				INFOPLIST_KEY_CFBundleDisplayName = HyprGlide;
				INFOPLIST_KEY_NSMotionUsageDescription = "Tilt control needs motion access to move the player using device orientation.";
				INFOPLIST_KEY_UIApplicationSceneManifest_Generation = YES;
				INFOPLIST_KEY_UIApplicationSupportsIndirectInputEvents = YES;
				INFOPLIST_KEY_UILaunchScreen_Generation = YES;
				INFOPLIST_KEY_UIRequiresFullScreen = YES;
				INFOPLIST_KEY_UISupportedInterfaceOrientations = UIInterfaceOrientationPortrait;
				INFOPLIST_KEY_UISupportedInterfaceOrientations_iPad = "UIInterfaceOrientationPortrait UIInterfaceOrientationPortraitUpsideDown";
				LD_RUNPATH_SEARCH_PATHS = (
					"$(inherited)",
					"@executable_path/Frameworks",
				);
				MARKETING_VERSION = 1.0;
				PRODUCT_BUNDLE_IDENTIFIER = com.hyprglide.app;
				PRODUCT_NAME = "$(TARGET_NAME)";
				SWIFT_EMIT_LOC_STRINGS = YES;
				SWIFT_VERSION = 5.0;
				TARGETED_DEVICE_FAMILY = "1,2";
			};
			name = Release;
		};
		T6000002 /* Debug */ = {
			isa = XCBuildConfiguration;
			buildSettings = {
				BUNDLE_LOADER = "$(TEST_HOST)";
				CODE_SIGN_STYLE = Automatic;
				CURRENT_PROJECT_VERSION = 1;
				DEVELOPMENT_TEAM = D8KQ63QMS2;
				GENERATE_INFOPLIST_FILE = YES;
				IPHONEOS_DEPLOYMENT_TARGET = 16.0;
				MARKETING_VERSION = 1.0;
				PRODUCT_BUNDLE_IDENTIFIER = com.hyprglide.app.tests;
				PRODUCT_NAME = "$(TARGET_NAME)";
				SWIFT_EMIT_LOC_STRINGS = NO;
				SWIFT_VERSION = 5.0;
				TARGETED_DEVICE_FAMILY = "1,2";
				TEST_HOST = "$(BUILT_PRODUCTS_DIR)/HyprGlide.app/$(BUNDLE_EXECUTABLE_FOLDER_PATH)/HyprGlide";
			};
			name = Debug;
		};
		T6000003 /* Release */ = {
			isa = XCBuildConfiguration;
			buildSettings = {
				BUNDLE_LOADER = "$(TEST_HOST)";
				CODE_SIGN_STYLE = Automatic;
				CURRENT_PROJECT_VERSION = 1;
				DEVELOPMENT_TEAM = D8KQ63QMS2;
				GENERATE_INFOPLIST_FILE = YES;
				IPHONEOS_DEPLOYMENT_TARGET = 16.0;
				MARKETING_VERSION = 1.0;
				PRODUCT_BUNDLE_IDENTIFIER = com.hyprglide.app.tests;
				PRODUCT_NAME = "$(TARGET_NAME)";
				SWIFT_EMIT_LOC_STRINGS = NO;
				SWIFT_VERSION = 5.0;
				TARGETED_DEVICE_FAMILY = "1,2";
				TEST_HOST = "$(BUILT_PRODUCTS_DIR)/HyprGlide.app/$(BUNDLE_EXECUTABLE_FOLDER_PATH)/HyprGlide";
			};
			name = Release;
		};
/* End XCBuildConfiguration section */

/* Begin XCConfigurationList section */
		A6000001 /* Build configuration list for PBXNativeTarget "HyprGlide" */ = {
			isa = XCConfigurationList;
			buildConfigurations = (
				A6000005 /* Debug */,
				A6000006 /* Release */,
			);
			defaultConfigurationIsVisible = 0;
			defaultConfigurationName = Release;
		};
		A6000002 /* Build configuration list for PBXProject "HyprGlide" */ = {
			isa = XCConfigurationList;
			buildConfigurations = (
				A6000003 /* Debug */,
				A6000004 /* Release */,
			);
			defaultConfigurationIsVisible = 0;
			defaultConfigurationName = Release;
		};
		T6000001 /* Build configuration list for PBXNativeTarget "HyprGlideTests" */ = {
			isa = XCConfigurationList;
			buildConfigurations = (
				T6000002 /* Debug */,
				T6000003 /* Release */,
			);
			defaultConfigurationIsVisible = 0;
			defaultConfigurationName = Release;
		};
/* End XCConfigurationList section */
	};
	rootObject = A9000001 /* Project object */;
}
